{
  "name": "automation-voya0526",
  "lockfileVersion": 3,
  "requires": true,
  "packages": {
    "": {
      "devDependencies": {
        "ansi-color": "^0.2.2"
      }
    },
    "node_modules/ansi-color": {
      "version": "0.2.2",
      "resolved": "https://registry.npmjs.org/ansi-color/-/ansi-color-0.2.2.tgz",
      "integrity": "sha512-qPx7iZZDHITYrrfzaUFXQpIcF2xYifcQHQflP1pFz8yY3lfU6GgCHb0+hJD7nimYKO7f2iaYYwBpZ+GaNcAhcA==",
      "dev": true,
      "license": "BSD License"
    }
  }
}
